
Microsoft Visual Studio Solution File, Format Version 12.00
# Visual Studio Version 17
VisualStudioVersion = 17.13.35931.197
MinimumVisualStudioVersion = 10.0.40219.1
Project("{FAE04EC0-301F-11D3-BF4B-00C04F79EFBC}") = "DebtService", "DebtService\DebtService.csproj", "{0BAD2FB0-93B3-4FB8-8698-037AD441461E}"
EndProject
Project("{FAE04EC0-301F-11D3-BF4B-00C04F79EFBC}") = "DebtService.Tests", "DebtService.Tests\DebtService.Tests.csproj", "{0247852A-751E-EB79-23E4-536716273079}"
EndProject
Global
	GlobalSection(SolutionConfigurationPlatforms) = preSolution
		Debug|Any CPU = Debug|Any CPU
		Release|Any CPU = Release|Any CPU
	EndGlobalSection
	GlobalSection(ProjectConfigurationPlatforms) = postSolution
		{0BAD2FB0-93B3-4FB8-8698-037AD441461E}.Debug|Any CPU.ActiveCfg = Debug|Any CPU
		{0BAD2FB0-93B3-4FB8-8698-037AD441461E}.Debug|Any CPU.Build.0 = Debug|Any CPU
		{0BAD2FB0-93B3-4FB8-8698-037AD441461E}.Release|Any CPU.ActiveCfg = Release|Any CPU
		{0BAD2FB0-93B3-4FB8-8698-037AD441461E}.Release|Any CPU.Build.0 = Release|Any CPU
		{0247852A-751E-EB79-23E4-536716273079}.Debug|Any CPU.ActiveCfg = Debug|Any CPU
		{0247852A-751E-EB79-23E4-536716273079}.Debug|Any CPU.Build.0 = Debug|Any CPU
		{0247852A-751E-EB79-23E4-536716273079}.Release|Any CPU.ActiveCfg = Release|Any CPU
		{0247852A-751E-EB79-23E4-536716273079}.Release|Any CPU.Build.0 = Release|Any CPU
	EndGlobalSection
	GlobalSection(SolutionProperties) = preSolution
		HideSolutionNode = FALSE
	EndGlobalSection
	GlobalSection(ExtensibilityGlobals) = postSolution
		SolutionGuid = {569B10C3-E478-42DA-A961-C64B36F9BAB9}
	EndGlobalSection
EndGlobal
